// !$*UTF8*$!
{
	archiveVersion = 1;
	classes = {
	};
	objectVersion = 56;
	objects = {

/* Begin PBXBuildFile section */
		020066992B1F53AD00576F88 /* UIColor+rgb.swift in Sources */ = {isa = PBXBuildFile; fileRef = 020066982B1F53AD00576F88 /* UIColor+rgb.swift */; };
		020BC73B2B2C7E660099188D /* AllCitiesWeatherConfigurator.swift in Sources */ = {isa = PBXBuildFile; fileRef = 020BC73A2B2C7E660099188D /* AllCitiesWeatherConfigurator.swift */; };
		020BC73E2B2C7EB50099188D /* AllCitiesWeatherViewController.swift in Sources */ = {isa = PBXBuildFile; fileRef = 020BC73D2B2C7EB50099188D /* AllCitiesWeatherViewController.swift */; };
		020BC7412B2C7EE50099188D /* AllCitiesWeatherPresenter.swift in Sources */ = {isa = PBXBuildFile; fileRef = 020BC7402B2C7EE50099188D /* AllCitiesWeatherPresenter.swift */; };
		025F1B502B1E5FAD0088E48D /* UIColor+hex.swift in Sources */ = {isa = PBXBuildFile; fileRef = 025F1B4F2B1E5FAD0088E48D /* UIColor+hex.swift */; };
		025F1B542B1E61710088E48D /* Colors.swift in Sources */ = {isa = PBXBuildFile; fileRef = 025F1B532B1E61710088E48D /* Colors.swift */; };
		0280B6AF2B0CAE6E00A8B65D /* AppDelegate.swift in Sources */ = {isa = PBXBuildFile; fileRef = 0280B6AE2B0CAE6E00A8B65D /* AppDelegate.swift */; };
		0280B6B12B0CAE6E00A8B65D /* SceneDelegate.swift in Sources */ = {isa = PBXBuildFile; fileRef = 0280B6B02B0CAE6E00A8B65D /* SceneDelegate.swift */; };
		0280B6C32B0CAFD700A8B65D /* MainTabBarController.swift in Sources */ = {isa = PBXBuildFile; fileRef = 0280B6C22B0CAFD700A8B65D /* MainTabBarController.swift */; };
		0280B6C52B0CB01500A8B65D /* CityWeatherViewController.swift in Sources */ = {isa = PBXBuildFile; fileRef = 0280B6C42B0CB01500A8B65D /* CityWeatherViewController.swift */; };
		028177572B2A04AB00D39664 /* CityWeatherHourlyForecastCell.swift in Sources */ = {isa = PBXBuildFile; fileRef = 028177562B2A04AA00D39664 /* CityWeatherHourlyForecastCell.swift */; };
		0288A0D32B28994E00B13487 /* ViewService.swift in Sources */ = {isa = PBXBuildFile; fileRef = 0288A0D22B28994E00B13487 /* ViewService.swift */; };
		0288A0D62B289E1200B13487 /* CityWeatherConfigurator.swift in Sources */ = {isa = PBXBuildFile; fileRef = 0288A0D52B289E1200B13487 /* CityWeatherConfigurator.swift */; };
		0288A0DA2B289FC800B13487 /* CityWeatherViewBuilder.swift in Sources */ = {isa = PBXBuildFile; fileRef = 0288A0D92B289FC800B13487 /* CityWeatherViewBuilder.swift */; };
		0288A0DC2B289FF600B13487 /* CityWeatherPresenter.swift in Sources */ = {isa = PBXBuildFile; fileRef = 0288A0DB2B289FF600B13487 /* CityWeatherPresenter.swift */; };
		0288A0E12B29DE8000B13487 /* NetworkService.swift in Sources */ = {isa = PBXBuildFile; fileRef = 0288A0E02B29DE8000B13487 /* NetworkService.swift */; };
		0289F96B2B2CD2CC0066EAB7 /* CityCoordinatesModel.swift in Sources */ = {isa = PBXBuildFile; fileRef = 0289F96A2B2CD2CC0066EAB7 /* CityCoordinatesModel.swift */; };
		0289F96D2B2CEA920066EAB7 /* AllCitiesWeatherTableViewCell.swift in Sources */ = {isa = PBXBuildFile; fileRef = 0289F96C2B2CEA920066EAB7 /* AllCitiesWeatherTableViewCell.swift */; };
		0289F96F2B2CF1C30066EAB7 /* AllCitiesWeatherTableViewAdapter.swift in Sources */ = {isa = PBXBuildFile; fileRef = 0289F96E2B2CF1C30066EAB7 /* AllCitiesWeatherTableViewAdapter.swift */; };
		02A633302B2A716E00A11368 /* HourlyForecastAdapter.swift in Sources */ = {isa = PBXBuildFile; fileRef = 02A6332F2B2A716E00A11368 /* HourlyForecastAdapter.swift */; };
		02A633322B2A90B500A11368 /* ScrollViewAdapter.swift in Sources */ = {isa = PBXBuildFile; fileRef = 02A633312B2A90B500A11368 /* ScrollViewAdapter.swift */; };
		02A633342B2B3D5900A11368 /* LocationService.swift in Sources */ = {isa = PBXBuildFile; fileRef = 02A633332B2B3D5900A11368 /* LocationService.swift */; };
		02A633392B2B5B9800A11368 /* WeatherModel.swift in Sources */ = {isa = PBXBuildFile; fileRef = 02A633382B2B5B9800A11368 /* WeatherModel.swift */; };
		02A6333D2B2B8D4000A11368 /* HourlyForecastModel.swift in Sources */ = {isa = PBXBuildFile; fileRef = 02A6333C2B2B8D4000A11368 /* HourlyForecastModel.swift */; };
		02A6333F2B2B962C00A11368 /* WeatherPhotoService.swift in Sources */ = {isa = PBXBuildFile; fileRef = 02A6333E2B2B962C00A11368 /* WeatherPhotoService.swift */; };
/* End PBXBuildFile section */

/* Begin PBXFileReference section */
		020066982B1F53AD00576F88 /* UIColor+rgb.swift */ = {isa = PBXFileReference; lastKnownFileType = sourcecode.swift; path = "UIColor+rgb.swift"; sourceTree = "<group>"; };
		020BC73A2B2C7E660099188D /* AllCitiesWeatherConfigurator.swift */ = {isa = PBXFileReference; lastKnownFileType = sourcecode.swift; path = AllCitiesWeatherConfigurator.swift; sourceTree = "<group>"; };
		020BC73D2B2C7EB50099188D /* AllCitiesWeatherViewController.swift */ = {isa = PBXFileReference; lastKnownFileType = sourcecode.swift; path = AllCitiesWeatherViewController.swift; sourceTree = "<group>"; };
		020BC7402B2C7EE50099188D /* AllCitiesWeatherPresenter.swift */ = {isa = PBXFileReference; lastKnownFileType = sourcecode.swift; path = AllCitiesWeatherPresenter.swift; sourceTree = "<group>"; };
		025F1B4F2B1E5FAD0088E48D /* UIColor+hex.swift */ = {isa = PBXFileReference; lastKnownFileType = sourcecode.swift; path = "UIColor+hex.swift"; sourceTree = "<group>"; };
		025F1B532B1E61710088E48D /* Colors.swift */ = {isa = PBXFileReference; lastKnownFileType = sourcecode.swift; path = Colors.swift; sourceTree = "<group>"; };
		0280B6AB2B0CAE6E00A8B65D /* YAWA.app */ = {isa = PBXFileReference; explicitFileType = wrapper.application; includeInIndex = 0; path = YAWA.app; sourceTree = BUILT_PRODUCTS_DIR; };
		0280B6AE2B0CAE6E00A8B65D /* AppDelegate.swift */ = {isa = PBXFileReference; lastKnownFileType = sourcecode.swift; path = AppDelegate.swift; sourceTree = "<group>"; };
		0280B6B02B0CAE6E00A8B65D /* SceneDelegate.swift */ = {isa = PBXFileReference; lastKnownFileType = sourcecode.swift; path = SceneDelegate.swift; sourceTree = "<group>"; };
		0280B6BC2B0CAE6F00A8B65D /* Info.plist */ = {isa = PBXFileReference; lastKnownFileType = text.plist.xml; path = Info.plist; sourceTree = "<group>"; };
		0280B6C22B0CAFD700A8B65D /* MainTabBarController.swift */ = {isa = PBXFileReference; lastKnownFileType = sourcecode.swift; path = MainTabBarController.swift; sourceTree = "<group>"; };
		0280B6C42B0CB01500A8B65D /* CityWeatherViewController.swift */ = {isa = PBXFileReference; lastKnownFileType = sourcecode.swift; path = CityWeatherViewController.swift; sourceTree = "<group>"; };
		028177562B2A04AA00D39664 /* CityWeatherHourlyForecastCell.swift */ = {isa = PBXFileReference; lastKnownFileType = sourcecode.swift; path = CityWeatherHourlyForecastCell.swift; sourceTree = "<group>"; };
		0288A0D22B28994E00B13487 /* ViewService.swift */ = {isa = PBXFileReference; lastKnownFileType = sourcecode.swift; path = ViewService.swift; sourceTree = "<group>"; };
		0288A0D52B289E1200B13487 /* CityWeatherConfigurator.swift */ = {isa = PBXFileReference; lastKnownFileType = sourcecode.swift; path = CityWeatherConfigurator.swift; sourceTree = "<group>"; };
		0288A0D92B289FC800B13487 /* CityWeatherViewBuilder.swift */ = {isa = PBXFileReference; lastKnownFileType = sourcecode.swift; path = CityWeatherViewBuilder.swift; sourceTree = "<group>"; };
		0288A0DB2B289FF600B13487 /* CityWeatherPresenter.swift */ = {isa = PBXFileReference; lastKnownFileType = sourcecode.swift; path = CityWeatherPresenter.swift; sourceTree = "<group>"; };
		0288A0E02B29DE8000B13487 /* NetworkService.swift */ = {isa = PBXFileReference; lastKnownFileType = sourcecode.swift; path = NetworkService.swift; sourceTree = "<group>"; };
		0289F96A2B2CD2CC0066EAB7 /* CityCoordinatesModel.swift */ = {isa = PBXFileReference; lastKnownFileType = sourcecode.swift; path = CityCoordinatesModel.swift; sourceTree = "<group>"; };
		0289F96C2B2CEA920066EAB7 /* AllCitiesWeatherTableViewCell.swift */ = {isa = PBXFileReference; lastKnownFileType = sourcecode.swift; path = AllCitiesWeatherTableViewCell.swift; sourceTree = "<group>"; };
		0289F96E2B2CF1C30066EAB7 /* AllCitiesWeatherTableViewAdapter.swift */ = {isa = PBXFileReference; lastKnownFileType = sourcecode.swift; path = AllCitiesWeatherTableViewAdapter.swift; sourceTree = "<group>"; };
		02A6332F2B2A716E00A11368 /* HourlyForecastAdapter.swift */ = {isa = PBXFileReference; lastKnownFileType = sourcecode.swift; path = HourlyForecastAdapter.swift; sourceTree = "<group>"; };
		02A633312B2A90B500A11368 /* ScrollViewAdapter.swift */ = {isa = PBXFileReference; lastKnownFileType = sourcecode.swift; path = ScrollViewAdapter.swift; sourceTree = "<group>"; };
		02A633332B2B3D5900A11368 /* LocationService.swift */ = {isa = PBXFileReference; lastKnownFileType = sourcecode.swift; path = LocationService.swift; sourceTree = "<group>"; };
		02A633382B2B5B9800A11368 /* WeatherModel.swift */ = {isa = PBXFileReference; lastKnownFileType = sourcecode.swift; path = WeatherModel.swift; sourceTree = "<group>"; };
		02A6333C2B2B8D4000A11368 /* HourlyForecastModel.swift */ = {isa = PBXFileReference; lastKnownFileType = sourcecode.swift; path = HourlyForecastModel.swift; sourceTree = "<group>"; };
		02A6333E2B2B962C00A11368 /* WeatherPhotoService.swift */ = {isa = PBXFileReference; lastKnownFileType = sourcecode.swift; path = WeatherPhotoService.swift; sourceTree = "<group>"; };
/* End PBXFileReference section */

/* Begin PBXFrameworksBuildPhase section */
		0280B6A82B0CAE6E00A8B65D /* Frameworks */ = {
			isa = PBXFrameworksBuildPhase;
			buildActionMask = 2147483647;
			files = (
			);
			runOnlyForDeploymentPostprocessing = 0;
		};
/* End PBXFrameworksBuildPhase section */

/* Begin PBXGroup section */
		020BC7382B2C7E4B0099188D /* AllCitiesWeather */ = {
			isa = PBXGroup;
			children = (
				020BC7392B2C7E590099188D /* Configurator */,
				020BC73F2B2C7ED70099188D /* Presenter */,
				020BC73C2B2C7EB00099188D /* View */,
			);
			path = AllCitiesWeather;
			sourceTree = "<group>";
		};
		020BC7392B2C7E590099188D /* Configurator */ = {
			isa = PBXGroup;
			children = (
				020BC73A2B2C7E660099188D /* AllCitiesWeatherConfigurator.swift */,
			);
			path = Configurator;
			sourceTree = "<group>";
		};
		020BC73C2B2C7EB00099188D /* View */ = {
			isa = PBXGroup;
			children = (
				0289F96E2B2CF1C30066EAB7 /* AllCitiesWeatherTableViewAdapter.swift */,
				020BC73D2B2C7EB50099188D /* AllCitiesWeatherViewController.swift */,
				0289F96C2B2CEA920066EAB7 /* AllCitiesWeatherTableViewCell.swift */,
			);
			path = View;
			sourceTree = "<group>";
		};
		020BC73F2B2C7ED70099188D /* Presenter */ = {
			isa = PBXGroup;
			children = (
				020BC7402B2C7EE50099188D /* AllCitiesWeatherPresenter.swift */,
			);
			path = Presenter;
			sourceTree = "<group>";
		};
		025F1B4E2B1E5F9B0088E48D /* Extensions */ = {
			isa = PBXGroup;
			children = (
				025F1B4F2B1E5FAD0088E48D /* UIColor+hex.swift */,
				020066982B1F53AD00576F88 /* UIColor+rgb.swift */,
			);
			path = Extensions;
			sourceTree = "<group>";
		};
		025F1B512B1E615D0088E48D /* Library */ = {
			isa = PBXGroup;
			children = (
				025F1B532B1E61710088E48D /* Colors.swift */,
			);
			path = Library;
			sourceTree = "<group>";
		};
		0280B6A22B0CAE6E00A8B65D = {
			isa = PBXGroup;
			children = (
				0280B6AD2B0CAE6E00A8B65D /* YAWA */,
				0280B6AC2B0CAE6E00A8B65D /* Products */,
			);
			sourceTree = "<group>";
		};
		0280B6AC2B0CAE6E00A8B65D /* Products */ = {
			isa = PBXGroup;
			children = (
				0280B6AB2B0CAE6E00A8B65D /* YAWA.app */,
			);
			name = Products;
			sourceTree = "<group>";
		};
		0280B6AD2B0CAE6E00A8B65D /* YAWA */ = {
			isa = PBXGroup;
			children = (
				02A633372B2B5B9100A11368 /* Entities */,
				0288A0DF2B29DE7300B13487 /* Services */,
				025F1B512B1E615D0088E48D /* Library */,
				025F1B4E2B1E5F9B0088E48D /* Extensions */,
				0280B6C62B0CB2A800A8B65D /* Application */,
				0280B6C82B0CB2D300A8B65D /* Flow */,
				0280B6CB2B0CB53D00A8B65D /* Reusable UI */,
				0280B6C72B0CB2CF00A8B65D /* Supporting Files */,
			);
			path = YAWA;
			sourceTree = "<group>";
		};
		0280B6C62B0CB2A800A8B65D /* Application */ = {
			isa = PBXGroup;
			children = (
				0280B6AE2B0CAE6E00A8B65D /* AppDelegate.swift */,
				0280B6B02B0CAE6E00A8B65D /* SceneDelegate.swift */,
			);
			path = Application;
			sourceTree = "<group>";
		};
		0280B6C72B0CB2CF00A8B65D /* Supporting Files */ = {
			isa = PBXGroup;
			children = (
				0280B6BC2B0CAE6F00A8B65D /* Info.plist */,
			);
			path = "Supporting Files";
			sourceTree = "<group>";
		};
		0280B6C82B0CB2D300A8B65D /* Flow */ = {
			isa = PBXGroup;
			children = (
				0280B6C92B0CB2E900A8B65D /* MainTabBar */,
				0280B6CA2B0CB2FE00A8B65D /* CityWeather */,
				020BC7382B2C7E4B0099188D /* AllCitiesWeather */,
			);
			path = Flow;
			sourceTree = "<group>";
		};
		0280B6C92B0CB2E900A8B65D /* MainTabBar */ = {
			isa = PBXGroup;
			children = (
				0280B6C22B0CAFD700A8B65D /* MainTabBarController.swift */,
			);
			path = MainTabBar;
			sourceTree = "<group>";
		};
		0280B6CA2B0CB2FE00A8B65D /* CityWeather */ = {
			isa = PBXGroup;
			children = (
				0288A0D42B289DF500B13487 /* Configurator */,
				0288A0D72B289EF400B13487 /* Presenter */,
				0288A0D82B289EF700B13487 /* View */,
			);
			path = CityWeather;
			sourceTree = "<group>";
		};
		0280B6CB2B0CB53D00A8B65D /* Reusable UI */ = {
			isa = PBXGroup;
			children = (
				0288A0D22B28994E00B13487 /* ViewService.swift */,
			);
			path = "Reusable UI";
			sourceTree = "<group>";
		};
		0288A0D42B289DF500B13487 /* Configurator */ = {
			isa = PBXGroup;
			children = (
				0288A0D52B289E1200B13487 /* CityWeatherConfigurator.swift */,
			);
			path = Configurator;
			sourceTree = "<group>";
		};
		0288A0D72B289EF400B13487 /* Presenter */ = {
			isa = PBXGroup;
			children = (
				0288A0DB2B289FF600B13487 /* CityWeatherPresenter.swift */,
			);
			path = Presenter;
			sourceTree = "<group>";
		};
		0288A0D82B289EF700B13487 /* View */ = {
			isa = PBXGroup;
			children = (
				02A633312B2A90B500A11368 /* ScrollViewAdapter.swift */,
				0280B6C42B0CB01500A8B65D /* CityWeatherViewController.swift */,
				02A6332F2B2A716E00A11368 /* HourlyForecastAdapter.swift */,
				028177562B2A04AA00D39664 /* CityWeatherHourlyForecastCell.swift */,
				0288A0D92B289FC800B13487 /* CityWeatherViewBuilder.swift */,
			);
			path = View;
			sourceTree = "<group>";
		};
		0288A0DF2B29DE7300B13487 /* Services */ = {
			isa = PBXGroup;
			children = (
				0288A0E02B29DE8000B13487 /* NetworkService.swift */,
				02A633332B2B3D5900A11368 /* LocationService.swift */,
				02A6333E2B2B962C00A11368 /* WeatherPhotoService.swift */,
			);
			path = Services;
			sourceTree = "<group>";
		};
		02A633372B2B5B9100A11368 /* Entities */ = {
			isa = PBXGroup;
			children = (
				02A633382B2B5B9800A11368 /* WeatherModel.swift */,
				02A6333C2B2B8D4000A11368 /* HourlyForecastModel.swift */,
				0289F96A2B2CD2CC0066EAB7 /* CityCoordinatesModel.swift */,
			);
			path = Entities;
			sourceTree = "<group>";
		};
/* End PBXGroup section */

/* Begin PBXNativeTarget section */
		0280B6AA2B0CAE6E00A8B65D /* YAWA */ = {
			isa = PBXNativeTarget;
			buildConfigurationList = 0280B6BF2B0CAE6F00A8B65D /* Build configuration list for PBXNativeTarget "YAWA" */;
			buildPhases = (
				0280B6A72B0CAE6E00A8B65D /* Sources */,
				0280B6A82B0CAE6E00A8B65D /* Frameworks */,
				0280B6A92B0CAE6E00A8B65D /* Resources */,
			);
			buildRules = (
			);
			dependencies = (
			);
			name = YAWA;
			productName = YAWA;
			productReference = 0280B6AB2B0CAE6E00A8B65D /* YAWA.app */;
			productType = "com.apple.product-type.application";
		};
/* End PBXNativeTarget section */

/* Begin PBXProject section */
		0280B6A32B0CAE6E00A8B65D /* Project object */ = {
			isa = PBXProject;
			attributes = {
				BuildIndependentTargetsInParallel = 1;
				LastSwiftUpdateCheck = 1500;
				LastUpgradeCheck = 1500;
				TargetAttributes = {
					0280B6AA2B0CAE6E00A8B65D = {
						CreatedOnToolsVersion = 15.0.1;
					};
				};
			};
			buildConfigurationList = 0280B6A62B0CAE6E00A8B65D /* Build configuration list for PBXProject "YAWA" */;
			compatibilityVersion = "Xcode 14.0";
			developmentRegion = en;
			hasScannedForEncodings = 0;
			knownRegions = (
				en,
				Base,
			);
			mainGroup = 0280B6A22B0CAE6E00A8B65D;
			productRefGroup = 0280B6AC2B0CAE6E00A8B65D /* Products */;
			projectDirPath = "";
			projectRoot = "";
			targets = (
				0280B6AA2B0CAE6E00A8B65D /* YAWA */,
			);
		};
/* End PBXProject section */

/* Begin PBXResourcesBuildPhase section */
		0280B6A92B0CAE6E00A8B65D /* Resources */ = {
			isa = PBXResourcesBuildPhase;
			buildActionMask = 2147483647;
			files = (
			);
			runOnlyForDeploymentPostprocessing = 0;
		};
/* End PBXResourcesBuildPhase section */

/* Begin PBXSourcesBuildPhase section */
		0280B6A72B0CAE6E00A8B65D /* Sources */ = {
			isa = PBXSourcesBuildPhase;
			buildActionMask = 2147483647;
			files = (
				0288A0D62B289E1200B13487 /* CityWeatherConfigurator.swift in Sources */,
				028177572B2A04AB00D39664 /* CityWeatherHourlyForecastCell.swift in Sources */,
				02A6333D2B2B8D4000A11368 /* HourlyForecastModel.swift in Sources */,
				0289F96F2B2CF1C30066EAB7 /* AllCitiesWeatherTableViewAdapter.swift in Sources */,
				0280B6C52B0CB01500A8B65D /* CityWeatherViewController.swift in Sources */,
				0288A0DA2B289FC800B13487 /* CityWeatherViewBuilder.swift in Sources */,
				020BC73B2B2C7E660099188D /* AllCitiesWeatherConfigurator.swift in Sources */,
				02A633392B2B5B9800A11368 /* WeatherModel.swift in Sources */,
				0280B6AF2B0CAE6E00A8B65D /* AppDelegate.swift in Sources */,
				020BC73E2B2C7EB50099188D /* AllCitiesWeatherViewController.swift in Sources */,
				0288A0D32B28994E00B13487 /* ViewService.swift in Sources */,
				025F1B542B1E61710088E48D /* Colors.swift in Sources */,
				025F1B502B1E5FAD0088E48D /* UIColor+hex.swift in Sources */,
				02A633322B2A90B500A11368 /* ScrollViewAdapter.swift in Sources */,
				02A6333F2B2B962C00A11368 /* WeatherPhotoService.swift in Sources */,
				02A633302B2A716E00A11368 /* HourlyForecastAdapter.swift in Sources */,
				02A633342B2B3D5900A11368 /* LocationService.swift in Sources */,
				0280B6C32B0CAFD700A8B65D /* MainTabBarController.swift in Sources */,
				0289F96B2B2CD2CC0066EAB7 /* CityCoordinatesModel.swift in Sources */,
				0280B6B12B0CAE6E00A8B65D /* SceneDelegate.swift in Sources */,
				0289F96D2B2CEA920066EAB7 /* AllCitiesWeatherTableViewCell.swift in Sources */,
				0288A0DC2B289FF600B13487 /* CityWeatherPresenter.swift in Sources */,
				020066992B1F53AD00576F88 /* UIColor+rgb.swift in Sources */,
				020BC7412B2C7EE50099188D /* AllCitiesWeatherPresenter.swift in Sources */,
				0288A0E12B29DE8000B13487 /* NetworkService.swift in Sources */,
			);
			runOnlyForDeploymentPostprocessing = 0;
		};
/* End PBXSourcesBuildPhase section */

/* Begin XCBuildConfiguration section */
		0280B6BD2B0CAE6F00A8B65D /* Debug */ = {
			isa = XCBuildConfiguration;
			buildSettings = {
				ALWAYS_SEARCH_USER_PATHS = NO;
				ASSETCATALOG_COMPILER_GENERATE_SWIFT_ASSET_SYMBOL_EXTENSIONS = YES;
				CLANG_ANALYZER_NONNULL = YES;
				CLANG_ANALYZER_NUMBER_OBJECT_CONVERSION = YES_AGGRESSIVE;
				CLANG_CXX_LANGUAGE_STANDARD = "gnu++20";
				CLANG_ENABLE_MODULES = YES;
				CLANG_ENABLE_OBJC_ARC = YES;
				CLANG_ENABLE_OBJC_WEAK = YES;
				CLANG_WARN_BLOCK_CAPTURE_AUTORELEASING = YES;
				CLANG_WARN_BOOL_CONVERSION = YES;
				CLANG_WARN_COMMA = YES;
				CLANG_WARN_CONSTANT_CONVERSION = YES;
				CLANG_WARN_DEPRECATED_OBJC_IMPLEMENTATIONS = YES;
				CLANG_WARN_DIRECT_OBJC_ISA_USAGE = YES_ERROR;
				CLANG_WARN_DOCUMENTATION_COMMENTS = YES;
				CLANG_WARN_EMPTY_BODY = YES;
				CLANG_WARN_ENUM_CONVERSION = YES;
				CLANG_WARN_INFINITE_RECURSION = YES;
				CLANG_WARN_INT_CONVERSION = YES;
				CLANG_WARN_NON_LITERAL_NULL_CONVERSION = YES;
				CLANG_WARN_OBJC_IMPLICIT_RETAIN_SELF = YES;
				CLANG_WARN_OBJC_LITERAL_CONVERSION = YES;
				CLANG_WARN_OBJC_ROOT_CLASS = YES_ERROR;
				CLANG_WARN_QUOTED_INCLUDE_IN_FRAMEWORK_HEADER = YES;
				CLANG_WARN_RANGE_LOOP_ANALYSIS = YES;
				CLANG_WARN_STRICT_PROTOTYPES = YES;
				CLANG_WARN_SUSPICIOUS_MOVE = YES;
				CLANG_WARN_UNGUARDED_AVAILABILITY = YES_AGGRESSIVE;
				CLANG_WARN_UNREACHABLE_CODE = YES;
				CLANG_WARN__DUPLICATE_METHOD_MATCH = YES;
				COPY_PHASE_STRIP = NO;
				DEBUG_INFORMATION_FORMAT = dwarf;
				ENABLE_STRICT_OBJC_MSGSEND = YES;
				ENABLE_TESTABILITY = YES;
				ENABLE_USER_SCRIPT_SANDBOXING = YES;
				GCC_C_LANGUAGE_STANDARD = gnu17;
				GCC_DYNAMIC_NO_PIC = NO;
				GCC_NO_COMMON_BLOCKS = YES;
				GCC_OPTIMIZATION_LEVEL = 0;
				GCC_PREPROCESSOR_DEFINITIONS = (
					"DEBUG=1",
					"$(inherited)",
				);
				GCC_WARN_64_TO_32_BIT_CONVERSION = YES;
				GCC_WARN_ABOUT_RETURN_TYPE = YES_ERROR;
				GCC_WARN_UNDECLARED_SELECTOR = YES;
				GCC_WARN_UNINITIALIZED_AUTOS = YES_AGGRESSIVE;
				GCC_WARN_UNUSED_FUNCTION = YES;
				GCC_WARN_UNUSED_VARIABLE = YES;
				IPHONEOS_DEPLOYMENT_TARGET = 17.0;
				LOCALIZATION_PREFERS_STRING_CATALOGS = YES;
				MTL_ENABLE_DEBUG_INFO = INCLUDE_SOURCE;
				MTL_FAST_MATH = YES;
				ONLY_ACTIVE_ARCH = YES;
				SDKROOT = iphoneos;
				SWIFT_ACTIVE_COMPILATION_CONDITIONS = "DEBUG $(inherited)";
				SWIFT_OPTIMIZATION_LEVEL = "-Onone";
			};
			name = Debug;
		};
		0280B6BE2B0CAE6F00A8B65D /* Release */ = {
			isa = XCBuildConfiguration;
			buildSettings = {
				ALWAYS_SEARCH_USER_PATHS = NO;
				ASSETCATALOG_COMPILER_GENERATE_SWIFT_ASSET_SYMBOL_EXTENSIONS = YES;
				CLANG_ANALYZER_NONNULL = YES;
				CLANG_ANALYZER_NUMBER_OBJECT_CONVERSION = YES_AGGRESSIVE;
				CLANG_CXX_LANGUAGE_STANDARD = "gnu++20";
				CLANG_ENABLE_MODULES = YES;
				CLANG_ENABLE_OBJC_ARC = YES;
				CLANG_ENABLE_OBJC_WEAK = YES;
				CLANG_WARN_BLOCK_CAPTURE_AUTORELEASING = YES;
				CLANG_WARN_BOOL_CONVERSION = YES;
				CLANG_WARN_COMMA = YES;
				CLANG_WARN_CONSTANT_CONVERSION = YES;
				CLANG_WARN_DEPRECATED_OBJC_IMPLEMENTATIONS = YES;
				CLANG_WARN_DIRECT_OBJC_ISA_USAGE = YES_ERROR;
				CLANG_WARN_DOCUMENTATION_COMMENTS = YES;
				CLANG_WARN_EMPTY_BODY = YES;
				CLANG_WARN_ENUM_CONVERSION = YES;
				CLANG_WARN_INFINITE_RECURSION = YES;
				CLANG_WARN_INT_CONVERSION = YES;
				CLANG_WARN_NON_LITERAL_NULL_CONVERSION = YES;
				CLANG_WARN_OBJC_IMPLICIT_RETAIN_SELF = YES;
				CLANG_WARN_OBJC_LITERAL_CONVERSION = YES;
				CLANG_WARN_OBJC_ROOT_CLASS = YES_ERROR;
				CLANG_WARN_QUOTED_INCLUDE_IN_FRAMEWORK_HEADER = YES;
				CLANG_WARN_RANGE_LOOP_ANALYSIS = YES;
				CLANG_WARN_STRICT_PROTOTYPES = YES;
				CLANG_WARN_SUSPICIOUS_MOVE = YES;
				CLANG_WARN_UNGUARDED_AVAILABILITY = YES_AGGRESSIVE;
				CLANG_WARN_UNREACHABLE_CODE = YES;
				CLANG_WARN__DUPLICATE_METHOD_MATCH = YES;
				COPY_PHASE_STRIP = NO;
				DEBUG_INFORMATION_FORMAT = "dwarf-with-dsym";
				ENABLE_NS_ASSERTIONS = NO;
				ENABLE_STRICT_OBJC_MSGSEND = YES;
				ENABLE_USER_SCRIPT_SANDBOXING = YES;
				GCC_C_LANGUAGE_STANDARD = gnu17;
				GCC_NO_COMMON_BLOCKS = YES;
				GCC_WARN_64_TO_32_BIT_CONVERSION = YES;
				GCC_WARN_ABOUT_RETURN_TYPE = YES_ERROR;
				GCC_WARN_UNDECLARED_SELECTOR = YES;
				GCC_WARN_UNINITIALIZED_AUTOS = YES_AGGRESSIVE;
				GCC_WARN_UNUSED_FUNCTION = YES;
				GCC_WARN_UNUSED_VARIABLE = YES;
				IPHONEOS_DEPLOYMENT_TARGET = 17.0;
				LOCALIZATION_PREFERS_STRING_CATALOGS = YES;
				MTL_ENABLE_DEBUG_INFO = NO;
				MTL_FAST_MATH = YES;
				SDKROOT = iphoneos;
				SWIFT_COMPILATION_MODE = wholemodule;
				VALIDATE_PRODUCT = YES;
			};
			name = Release;
		};
		0280B6C02B0CAE6F00A8B65D /* Debug */ = {
			isa = XCBuildConfiguration;
			buildSettings = {
				ASSETCATALOG_COMPILER_APPICON_NAME = AppIcon;
				ASSETCATALOG_COMPILER_GLOBAL_ACCENT_COLOR_NAME = AccentColor;
				CODE_SIGN_STYLE = Automatic;
				CURRENT_PROJECT_VERSION = 1;
				GENERATE_INFOPLIST_FILE = YES;
				INFOPLIST_FILE = "YAWA/Supporting Files/Info.plist";
				INFOPLIST_KEY_UIApplicationSupportsIndirectInputEvents = YES;
				INFOPLIST_KEY_UILaunchScreen_Generation = YES;
				INFOPLIST_KEY_UISupportedInterfaceOrientations = UIInterfaceOrientationPortrait;
				INFOPLIST_KEY_UISupportedInterfaceOrientations_iPad = "UIInterfaceOrientationLandscapeLeft UIInterfaceOrientationLandscapeRight UIInterfaceOrientationPortrait UIInterfaceOrientationPortraitUpsideDown";
				IPHONEOS_DEPLOYMENT_TARGET = 15.0;
				LD_RUNPATH_SEARCH_PATHS = (
					"$(inherited)",
					"@executable_path/Frameworks",
				);
				MARKETING_VERSION = 1.0;
				PRODUCT_BUNDLE_IDENTIFIER = "bassist-zero.YAWA";
				PRODUCT_NAME = "$(TARGET_NAME)";
				SUPPORTED_PLATFORMS = "iphoneos iphonesimulator";
				SUPPORTS_MACCATALYST = NO;
				SUPPORTS_MAC_DESIGNED_FOR_IPHONE_IPAD = NO;
				SWIFT_EMIT_LOC_STRINGS = YES;
				SWIFT_VERSION = 5.0;
				TARGETED_DEVICE_FAMILY = 1;
			};
			name = Debug;
		};
		0280B6C12B0CAE6F00A8B65D /* Release */ = {
			isa = XCBuildConfiguration;
			buildSettings = {
				ASSETCATALOG_COMPILER_APPICON_NAME = AppIcon;
				ASSETCATALOG_COMPILER_GLOBAL_ACCENT_COLOR_NAME = AccentColor;
				CODE_SIGN_STYLE = Automatic;
				CURRENT_PROJECT_VERSION = 1;
				GENERATE_INFOPLIST_FILE = YES;
				INFOPLIST_FILE = "YAWA/Supporting Files/Info.plist";
				INFOPLIST_KEY_UIApplicationSupportsIndirectInputEvents = YES;
				INFOPLIST_KEY_UILaunchScreen_Generation = YES;
				INFOPLIST_KEY_UISupportedInterfaceOrientations = UIInterfaceOrientationPortrait;
				INFOPLIST_KEY_UISupportedInterfaceOrientations_iPad = "UIInterfaceOrientationLandscapeLeft UIInterfaceOrientationLandscapeRight UIInterfaceOrientationPortrait UIInterfaceOrientationPortraitUpsideDown";
				IPHONEOS_DEPLOYMENT_TARGET = 15.0;
				LD_RUNPATH_SEARCH_PATHS = (
					"$(inherited)",
					"@executable_path/Frameworks",
				);
				MARKETING_VERSION = 1.0;
				PRODUCT_BUNDLE_IDENTIFIER = "bassist-zero.YAWA";
				PRODUCT_NAME = "$(TARGET_NAME)";
				SUPPORTED_PLATFORMS = "iphoneos iphonesimulator";
				SUPPORTS_MACCATALYST = NO;
				SUPPORTS_MAC_DESIGNED_FOR_IPHONE_IPAD = NO;
				SWIFT_EMIT_LOC_STRINGS = YES;
				SWIFT_VERSION = 5.0;
				TARGETED_DEVICE_FAMILY = 1;
			};
			name = Release;
		};
/* End XCBuildConfiguration section */

/* Begin XCConfigurationList section */
		0280B6A62B0CAE6E00A8B65D /* Build configuration list for PBXProject "YAWA" */ = {
			isa = XCConfigurationList;
			buildConfigurations = (
				0280B6BD2B0CAE6F00A8B65D /* Debug */,
				0280B6BE2B0CAE6F00A8B65D /* Release */,
			);
			defaultConfigurationIsVisible = 0;
			defaultConfigurationName = Release;
		};
		0280B6BF2B0CAE6F00A8B65D /* Build configuration list for PBXNativeTarget "YAWA" */ = {
			isa = XCConfigurationList;
			buildConfigurations = (
				0280B6C02B0CAE6F00A8B65D /* Debug */,
				0280B6C12B0CAE6F00A8B65D /* Release */,
			);
			defaultConfigurationIsVisible = 0;
			defaultConfigurationName = Release;
		};
/* End XCConfigurationList section */
	};
	rootObject = 0280B6A32B0CAE6E00A8B65D /* Project object */;
}
